lockfileVersion: 5.3

specifiers:
  '@octokit/core': ^3.5.1
  '@rollup/plugin-commonjs': ^21.0.1
  '@rollup/plugin-json': ^4.1.0
  '@rollup/plugin-node-resolve': ^13.1.1
  '@rollup/plugin-typescript': ^8.3.0
  '@types/node': ^16.11.6
  '@typescript-eslint/eslint-plugin': ^5.2.0
  '@typescript-eslint/parser': ^5.2.0
  builtin-modules: ^3.2.0
  dayjs: ^1.10.7
  obsidian: ^0.12.17
  rollup: ^2.61.1
  tr46: ^3.0.0
  tslib: 2.3.1
  typescript: 4.4.4

dependencies:
  '@octokit/core': 3.5.1
  '@rollup/plugin-json': 4.1.0_rollup@2.62.0
  dayjs: 1.10.7
  tr46: 3.0.0

devDependencies:
  '@rollup/plugin-commonjs': 21.0.1_rollup@2.62.0
  '@rollup/plugin-node-resolve': 13.1.1_rollup@2.62.0
  '@rollup/plugin-typescript': 8.3.0_1bc74bae420544def0d70123411a44da
  '@types/node': 16.11.17
  '@typescript-eslint/eslint-plugin': 5.8.0_c707eaeb97006b4577bab93e40b0f3b9
  '@typescript-eslint/parser': 5.8.0_typescript@4.4.4
  builtin-modules: 3.2.0
  obsidian: 0.12.17
  rollup: 2.62.0
  tslib: 2.3.1
  typescript: 4.4.4

packages:

  /@nodelib/fs.scandir/2.1.5:
    resolution: {integrity: sha1-dhnC6yGyVIP20WdUi0z9WnSIw9U=, tarball: '@nodelib/fs.scandir/download/@nodelib/fs.scandir-2.1.5.tgz'}
    engines: {node: '>= 8'}
    dependencies:
      '@nodelib/fs.stat': 2.0.5
      run-parallel: 1.2.0
    dev: true

  /@nodelib/fs.stat/2.0.5:
    resolution: {integrity: sha1-W9Jir5Tp0lvR5xsF3u1Eh2oiLos=, tarball: '@nodelib/fs.stat/download/@nodelib/fs.stat-2.0.5.tgz'}
    engines: {node: '>= 8'}
    dev: true

  /@nodelib/fs.walk/1.2.8:
    resolution: {integrity: sha1-6Vc36LtnRt3t9pxVaVNJTxlv5po=, tarball: '@nodelib/fs.walk/download/@nodelib/fs.walk-1.2.8.tgz'}
    engines: {node: '>= 8'}
    dependencies:
      '@nodelib/fs.scandir': 2.1.5
      fastq: 1.13.0
    dev: true

  /@octokit/auth-token/2.5.0:
    resolution: {integrity: sha1-J8N+omwgXyhENAJHf/0mExHyHjY=, tarball: '@octokit/auth-token/download/@octokit/auth-token-2.5.0.tgz'}
    dependencies:
      '@octokit/types': 6.34.0
    dev: false

  /@octokit/core/3.5.1:
    resolution: {integrity: sha1-hgHO6x7A4bG4IXuWCkE+2OlHgJs=, tarball: '@octokit/core/download/@octokit/core-3.5.1.tgz'}
    dependencies:
      '@octokit/auth-token': 2.5.0
      '@octokit/graphql': 4.8.0
      '@octokit/request': 5.6.2
      '@octokit/request-error': 2.1.0
      '@octokit/types': 6.34.0
      before-after-hook: 2.2.2
      universal-user-agent: 6.0.0
    dev: false

  /@octokit/endpoint/6.0.12:
    resolution: {integrity: sha1-O01HpLDnmxAn+4111CIZKLLQVlg=, tarball: '@octokit/endpoint/download/@octokit/endpoint-6.0.12.tgz'}
    dependencies:
      '@octokit/types': 6.34.0
      is-plain-object: 5.0.0
      universal-user-agent: 6.0.0
    dev: false

  /@octokit/graphql/4.8.0:
    resolution: {integrity: sha1-Zk2bEcDhIRLL944Q9JoFlZqiLMM=, tarball: '@octokit/graphql/download/@octokit/graphql-4.8.0.tgz'}
    dependencies:
      '@octokit/request': 5.6.2
      '@octokit/types': 6.34.0
      universal-user-agent: 6.0.0
    dev: false

  /@octokit/openapi-types/11.2.0:
    resolution: {integrity: sha1-s41/w3NtUqHpayMMHM1KWKL0AKY=, tarball: '@octokit/openapi-types/download/@octokit/openapi-types-11.2.0.tgz'}
    dev: false

  /@octokit/request-error/2.1.0:
    resolution: {integrity: sha1-nhUDV4Mb/HiNE6T9SxkT1gx01nc=, tarball: '@octokit/request-error/download/@octokit/request-error-2.1.0.tgz'}
    dependencies:
      '@octokit/types': 6.34.0
      deprecation: 2.3.1
      once: 1.4.0
    dev: false

  /@octokit/request/5.6.2:
    resolution: {integrity: sha1-GqdNXae54ErGDvIy7dmnQ43PMtg=, tarball: '@octokit/request/download/@octokit/request-5.6.2.tgz'}
    dependencies:
      '@octokit/endpoint': 6.0.12
      '@octokit/request-error': 2.1.0
      '@octokit/types': 6.34.0
      is-plain-object: 5.0.0
      node-fetch: 2.6.6
      universal-user-agent: 6.0.0
    dev: false

  /@octokit/types/6.34.0:
    resolution: {integrity: sha1-xgITMzNNHs+103CoeYFi3fGughg=, tarball: '@octokit/types/download/@octokit/types-6.34.0.tgz'}
    dependencies:
      '@octokit/openapi-types': 11.2.0
    dev: false

  /@rollup/plugin-commonjs/21.0.1_rollup@2.62.0:
    resolution: {integrity: sha1-HlfIGuFRjk3wlU1oHGQufZRYj+4=, tarball: '@rollup/plugin-commonjs/download/@rollup/plugin-commonjs-21.0.1.tgz'}
    engines: {node: '>= 8.0.0'}
    peerDependencies:
      rollup: ^2.38.3
    dependencies:
      '@rollup/pluginutils': 3.1.0_rollup@2.62.0
      commondir: 1.0.1
      estree-walker: 2.0.2
      glob: 7.2.0
      is-reference: 1.2.1
      magic-string: 0.25.7
      resolve: 1.20.0
      rollup: 2.62.0
    dev: true

  /@rollup/plugin-json/4.1.0_rollup@2.62.0:
    resolution: {integrity: sha1-VOCYZ65pY8WThE2L16nHGClElvM=, tarball: '@rollup/plugin-json/download/@rollup/plugin-json-4.1.0.tgz'}
    peerDependencies:
      rollup: ^1.20.0 || ^2.0.0
    dependencies:
      '@rollup/pluginutils': 3.1.0_rollup@2.62.0
      rollup: 2.62.0
    dev: false

  /@rollup/plugin-node-resolve/13.1.1_rollup@2.62.0:
    resolution: {integrity: sha512-6QKtRevXLrmEig9UiMYt2fSvee9TyltGRfw+qSs6xjUnxwjOzTOqy+/Lpxsgjb8mJn1EQNbCDAvt89O4uzL5kw==, tarball: '@rollup/plugin-node-resolve/download/@rollup/plugin-node-resolve-13.1.1.tgz'}
    engines: {node: '>= 10.0.0'}
    peerDependencies:
      rollup: ^2.42.0
    dependencies:
      '@rollup/pluginutils': 3.1.0_rollup@2.62.0
      '@types/resolve': 1.17.1
      builtin-modules: 3.2.0
      deepmerge: 4.2.2
      is-module: 1.0.0
      resolve: 1.20.0
      rollup: 2.62.0
    dev: true

  /@rollup/plugin-typescript/8.3.0_1bc74bae420544def0d70123411a44da:
    resolution: {integrity: sha1-vBB3+liXuYD8J+N2xON3iCxj5os=, tarball: '@rollup/plugin-typescript/download/@rollup/plugin-typescript-8.3.0.tgz'}
    engines: {node: '>=8.0.0'}
    peerDependencies:
      rollup: ^2.14.0
      tslib: '*'
      typescript: '>=3.7.0'
    dependencies:
      '@rollup/pluginutils': 3.1.0_rollup@2.62.0
      resolve: 1.20.0
      rollup: 2.62.0
      tslib: 2.3.1
      typescript: 4.4.4
    dev: true

  /@rollup/pluginutils/3.1.0_rollup@2.62.0:
    resolution: {integrity: sha1-cGtFJO5tyLEDs8mVUz5a1oDAK5s=, tarball: '@rollup/pluginutils/download/@rollup/pluginutils-3.1.0.tgz'}
    engines: {node: '>= 8.0.0'}
    peerDependencies:
      rollup: ^1.20.0||^2.0.0
    dependencies:
      '@types/estree': 0.0.39
      estree-walker: 1.0.1
      picomatch: 2.3.0
      rollup: 2.62.0

  /@types/codemirror/0.0.108:
    resolution: {integrity: sha1-5kBCK2Zr9JJRs4TDkM3rI2JYW94=, tarball: '@types/codemirror/download/@types/codemirror-0.0.108.tgz'}
    dependencies:
      '@types/tern': 0.23.4
    dev: true

  /@types/estree/0.0.39:
    resolution: {integrity: sha1-4Xfmme4bjCLSMXTKqnQiZEOJUJ8=, tarball: '@types/estree/download/@types/estree-0.0.39.tgz'}

  /@types/estree/0.0.50:
    resolution: {integrity: sha1-Hgyqk2TT/M0pMcPtlv2+ql1MyoM=, tarball: '@types/estree/download/@types/estree-0.0.50.tgz'}
    dev: true

  /@types/json-schema/7.0.9:
    resolution: {integrity: sha1-l+3JA36gw4WFMgsolk3eOznkZg0=, tarball: '@types/json-schema/download/@types/json-schema-7.0.9.tgz?cache=0&sync_timestamp=1637272400115&other_urls=https%3A%2F%2Fregistry.npmmirror.com%2F%40types%2Fjson-schema%2Fdownload%2F%40types%2Fjson-schema-7.0.9.tgz'}
    dev: true

  /@types/node/16.11.17:
    resolution: {integrity: sha512-C1vTZME8cFo8uxY2ui41xcynEotVkczIVI5AjLmy5pkpBv/FtG+jhtOlfcPysI8VRVwoOMv6NJm44LGnoMSWkw==, tarball: '@types/node/download/@types/node-16.11.17.tgz'}
    dev: true

  /@types/resolve/1.17.1:
    resolution: {integrity: sha1-Ov1q2JZ8d+Q3bFmKgt3Vj0bsRdY=, tarball: '@types/resolve/download/@types/resolve-1.17.1.tgz'}
    dependencies:
      '@types/node': 16.11.17
    dev: true

  /@types/tern/0.23.4:
    resolution: {integrity: sha1-A5JusT2+rzrg05DK9wayZDoBJ/s=, tarball: '@types/tern/download/@types/tern-0.23.4.tgz'}
    dependencies:
      '@types/estree': 0.0.50
    dev: true

  /@typescript-eslint/eslint-plugin/5.8.0_c707eaeb97006b4577bab93e40b0f3b9:
    resolution: {integrity: sha512-spu1UW7QuBn0nJ6+psnfCc3iVoQAifjKORgBngKOmC8U/1tbe2YJMzYQqDGYB4JCss7L8+RM2kKLb1B1Aw9BNA==, tarball: '@typescript-eslint/eslint-plugin/download/@typescript-eslint/eslint-plugin-5.8.0.tgz'}
    engines: {node: ^12.22.0 || ^14.17.0 || >=16.0.0}
    peerDependencies:
      '@typescript-eslint/parser': ^5.0.0
      eslint: ^6.0.0 || ^7.0.0 || ^8.0.0
      typescript: '*'
    peerDependenciesMeta:
      typescript:
        optional: true
    dependencies:
      '@typescript-eslint/experimental-utils': 5.8.0_typescript@4.4.4
      '@typescript-eslint/parser': 5.8.0_typescript@4.4.4
      '@typescript-eslint/scope-manager': 5.8.0
      debug: 4.3.3
      functional-red-black-tree: 1.0.1
      ignore: 5.2.0
      regexpp: 3.2.0
      semver: 7.3.5
      tsutils: 3.21.0_typescript@4.4.4
      typescript: 4.4.4
    transitivePeerDependencies:
      - supports-color
    dev: true

  /@typescript-eslint/experimental-utils/5.8.0_typescript@4.4.4:
    resolution: {integrity: sha512-KN5FvNH71bhZ8fKtL+lhW7bjm7cxs1nt+hrDZWIqb6ViCffQcWyLunGrgvISgkRojIDcXIsH+xlFfI4RCDA0xA==, tarball: '@typescript-eslint/experimental-utils/download/@typescript-eslint/experimental-utils-5.8.0.tgz'}
    engines: {node: ^12.22.0 || ^14.17.0 || >=16.0.0}
    peerDependencies:
      eslint: ^6.0.0 || ^7.0.0 || ^8.0.0
    dependencies:
      '@types/json-schema': 7.0.9
      '@typescript-eslint/scope-manager': 5.8.0
      '@typescript-eslint/types': 5.8.0
      '@typescript-eslint/typescript-estree': 5.8.0_typescript@4.4.4
      eslint-scope: 5.1.1
      eslint-utils: 3.0.0
    transitivePeerDependencies:
      - supports-color
      - typescript
    dev: true

  /@typescript-eslint/parser/5.8.0_typescript@4.4.4:
    resolution: {integrity: sha512-Gleacp/ZhRtJRYs5/T8KQR3pAQjQI89Dn/k+OzyCKOsLiZH2/Vh60cFBTnFsHNI6WAD+lNUo/xGZ4NeA5u0Ipw==, tarball: '@typescript-eslint/parser/download/@typescript-eslint/parser-5.8.0.tgz'}
    engines: {node: ^12.22.0 || ^14.17.0 || >=16.0.0}
    peerDependencies:
      eslint: ^6.0.0 || ^7.0.0 || ^8.0.0
      typescript: '*'
    peerDependenciesMeta:
      typescript:
        optional: true
    dependencies:
      '@typescript-eslint/scope-manager': 5.8.0
      '@typescript-eslint/types': 5.8.0
      '@typescript-eslint/typescript-estree': 5.8.0_typescript@4.4.4
      debug: 4.3.3
      typescript: 4.4.4
    transitivePeerDependencies:
      - supports-color
    dev: true

  /@typescript-eslint/scope-manager/5.8.0:
    resolution: {integrity: sha512-x82CYJsLOjPCDuFFEbS6e7K1QEWj7u5Wk1alw8A+gnJiYwNnDJk0ib6PCegbaPMjrfBvFKa7SxE3EOnnIQz2Gg==, tarball: '@typescript-eslint/scope-manager/download/@typescript-eslint/scope-manager-5.8.0.tgz'}
    engines: {node: ^12.22.0 || ^14.17.0 || >=16.0.0}
    dependencies:
      '@typescript-eslint/types': 5.8.0
      '@typescript-eslint/visitor-keys': 5.8.0
    dev: true

  /@typescript-eslint/types/5.8.0:
    resolution: {integrity: sha512-LdCYOqeqZWqCMOmwFnum6YfW9F3nKuxJiR84CdIRN5nfHJ7gyvGpXWqL/AaW0k3Po0+wm93ARAsOdzlZDPCcXg==, tarball: '@typescript-eslint/types/download/@typescript-eslint/types-5.8.0.tgz'}
    engines: {node: ^12.22.0 || ^14.17.0 || >=16.0.0}
    dev: true

  /@typescript-eslint/typescript-estree/5.8.0_typescript@4.4.4:
    resolution: {integrity: sha512-srfeZ3URdEcUsSLbkOFqS7WoxOqn8JNil2NSLO9O+I2/Uyc85+UlfpEvQHIpj5dVts7KKOZnftoJD/Fdv0L7nQ==, tarball: '@typescript-eslint/typescript-estree/download/@typescript-eslint/typescript-estree-5.8.0.tgz'}
    engines: {node: ^12.22.0 || ^14.17.0 || >=16.0.0}
    peerDependencies:
      typescript: '*'
    peerDependenciesMeta:
      typescript:
        optional: true
    dependencies:
      '@typescript-eslint/types': 5.8.0
      '@typescript-eslint/visitor-keys': 5.8.0
      debug: 4.3.3
      globby: 11.0.4
      is-glob: 4.0.3
      semver: 7.3.5
      tsutils: 3.21.0_typescript@4.4.4
      typescript: 4.4.4
    transitivePeerDependencies:
      - supports-color
    dev: true

  /@typescript-eslint/visitor-keys/5.8.0:
    resolution: {integrity: sha512-+HDIGOEMnqbxdAHegxvnOqESUH6RWFRR2b8qxP1W9CZnnYh4Usz6MBL+2KMAgPk/P0o9c1HqnYtwzVH6GTIqug==, tarball: '@typescript-eslint/visitor-keys/download/@typescript-eslint/visitor-keys-5.8.0.tgz'}
    engines: {node: ^12.22.0 || ^14.17.0 || >=16.0.0}
    dependencies:
      '@typescript-eslint/types': 5.8.0
      eslint-visitor-keys: 3.1.0
    dev: true

  /array-union/2.1.0:
    resolution: {integrity: sha1-t5hCCtvrHego2ErNii4j0+/oXo0=, tarball: array-union/download/array-union-2.1.0.tgz}
    engines: {node: '>=8'}
    dev: true

  /balanced-match/1.0.2:
    resolution: {integrity: sha1-6D46fj8wCzTLnYf2FfoMvzV2kO4=, tarball: balanced-match/download/balanced-match-1.0.2.tgz}
    dev: true

  /before-after-hook/2.2.2:
    resolution: {integrity: sha1-pujKQQKNkO4sJCIvIByQlWCRYT4=, tarball: before-after-hook/download/before-after-hook-2.2.2.tgz}
    dev: false

  /brace-expansion/1.1.11:
    resolution: {integrity: sha1-PH/L9SnYcibz0vUrlm/1Jx60Qd0=, tarball: brace-expansion/download/brace-expansion-1.1.11.tgz}
    dependencies:
      balanced-match: 1.0.2
      concat-map: 0.0.1
    dev: true

  /braces/3.0.2:
    resolution: {integrity: sha1-NFThpGLujVmeI23zNs2epPiv4Qc=, tarball: braces/download/braces-3.0.2.tgz}
    engines: {node: '>=8'}
    dependencies:
      fill-range: 7.0.1
    dev: true

  /builtin-modules/3.2.0:
    resolution: {integrity: sha1-RdXbmefuXmvE82LgCL+RerUEmIc=, tarball: builtin-modules/download/builtin-modules-3.2.0.tgz}
    engines: {node: '>=6'}
    dev: true

  /commondir/1.0.1:
    resolution: {integrity: sha1-3dgA2gxmEnOTzKWVDqloo6rxJTs=, tarball: commondir/download/commondir-1.0.1.tgz}
    dev: true

  /concat-map/0.0.1:
    resolution: {integrity: sha1-2Klr13/Wjfd5OnMDajug1UBdR3s=, tarball: concat-map/download/concat-map-0.0.1.tgz}
    dev: true

  /dayjs/1.10.7:
    resolution: {integrity: sha512-P6twpd70BcPK34K26uJ1KT3wlhpuOAPoMwJzpsIWUxHZ7wpmbdZL/hQqBDfz7hGurYSa5PhzdhDHtt319hL3ig==, tarball: dayjs/download/dayjs-1.10.7.tgz}
    dev: false

  /debug/4.3.3:
    resolution: {integrity: sha512-/zxw5+vh1Tfv+4Qn7a5nsbcJKPaSvCDhojn6FEl9vupwK2VCSDtEiEtqr8DFtzYFOdz63LBkxec7DYuc2jon6Q==, tarball: debug/download/debug-4.3.3.tgz}
    engines: {node: '>=6.0'}
    peerDependencies:
      supports-color: '*'
    peerDependenciesMeta:
      supports-color:
        optional: true
    dependencies:
      ms: 2.1.2
    dev: true

  /deepmerge/4.2.2:
    resolution: {integrity: sha1-RNLqNnm49NT/ujPwPYZfwee/SVU=, tarball: deepmerge/download/deepmerge-4.2.2.tgz}
    engines: {node: '>=0.10.0'}
    dev: true

  /deprecation/2.3.1:
    resolution: {integrity: sha1-Y2jL20Cr8zc7UlrIfkomDDpwCRk=, tarball: deprecation/download/deprecation-2.3.1.tgz}
    dev: false

  /dir-glob/3.0.1:
    resolution: {integrity: sha1-Vtv3PZkqSpO6FYT0U0Bj/S5BcX8=, tarball: dir-glob/download/dir-glob-3.0.1.tgz}
    engines: {node: '>=8'}
    dependencies:
      path-type: 4.0.0
    dev: true

  /eslint-scope/5.1.1:
    resolution: {integrity: sha1-54blmmbLkrP2wfsNUIqrF0hI9Iw=, tarball: eslint-scope/download/eslint-scope-5.1.1.tgz}
    engines: {node: '>=8.0.0'}
    dependencies:
      esrecurse: 4.3.0
      estraverse: 4.3.0
    dev: true

  /eslint-utils/3.0.0:
    resolution: {integrity: sha1-iuuvrOc0W7M1WdsKHxOh0tSMNnI=, tarball: eslint-utils/download/eslint-utils-3.0.0.tgz}
    engines: {node: ^10.0.0 || ^12.0.0 || >= 14.0.0}
    peerDependencies:
      eslint: '>=5'
    dependencies:
      eslint-visitor-keys: 2.1.0
    dev: true

  /eslint-visitor-keys/2.1.0:
    resolution: {integrity: sha1-9lMoJZMFknOSyTjtROsKXJsr0wM=, tarball: eslint-visitor-keys/download/eslint-visitor-keys-2.1.0.tgz}
    engines: {node: '>=10'}
    dev: true

  /eslint-visitor-keys/3.1.0:
    resolution: {integrity: sha512-yWJFpu4DtjsWKkt5GeNBBuZMlNcYVs6vRCLoCVEJrTjaSB6LC98gFipNK/erM2Heg/E8mIK+hXG/pJMLK+eRZA==, tarball: eslint-visitor-keys/download/eslint-visitor-keys-3.1.0.tgz}
    engines: {node: ^12.22.0 || ^14.17.0 || >=16.0.0}
    dev: true

  /esrecurse/4.3.0:
    resolution: {integrity: sha1-eteWTWeauyi+5yzsY3WLHF0smSE=, tarball: esrecurse/download/esrecurse-4.3.0.tgz}
    engines: {node: '>=4.0'}
    dependencies:
      estraverse: 5.3.0
    dev: true

  /estraverse/4.3.0:
    resolution: {integrity: sha1-OYrT88WiSUi+dyXoPRGn3ijNvR0=, tarball: estraverse/download/estraverse-4.3.0.tgz}
    engines: {node: '>=4.0'}
    dev: true

  /estraverse/5.3.0:
    resolution: {integrity: sha1-LupSkHAvJquP5TcDcP+GyWXSESM=, tarball: estraverse/download/estraverse-5.3.0.tgz}
    engines: {node: '>=4.0'}
    dev: true

  /estree-walker/1.0.1:
    resolution: {integrity: sha1-MbxdYSyWtwQQa0d+bdXYqhOMtwA=, tarball: estree-walker/download/estree-walker-1.0.1.tgz}

  /estree-walker/2.0.2:
    resolution: {integrity: sha1-UvAQF4wqTBF6d1fP6UKtt9LaTKw=, tarball: estree-walker/download/estree-walker-2.0.2.tgz}
    dev: true

  /fast-glob/3.2.7:
    resolution: {integrity: sha1-/Wy3otfpqnp4RhEehaGW1rL3ZqE=, tarball: fast-glob/download/fast-glob-3.2.7.tgz}
    engines: {node: '>=8'}
    dependencies:
      '@nodelib/fs.stat': 2.0.5
      '@nodelib/fs.walk': 1.2.8
      glob-parent: 5.1.2
      merge2: 1.4.1
      micromatch: 4.0.4
    dev: true

  /fastq/1.13.0:
    resolution: {integrity: sha1-YWdg+Ip1Jr38WWt8q4wYk4w2uYw=, tarball: fastq/download/fastq-1.13.0.tgz}
    dependencies:
      reusify: 1.0.4
    dev: true

  /fill-range/7.0.1:
    resolution: {integrity: sha1-GRmmp8df44ssfHflGYU12prN2kA=, tarball: fill-range/download/fill-range-7.0.1.tgz}
    engines: {node: '>=8'}
    dependencies:
      to-regex-range: 5.0.1
    dev: true

  /fs.realpath/1.0.0:
    resolution: {integrity: sha1-FQStJSMVjKpA20onh8sBQRmU6k8=, tarball: fs.realpath/download/fs.realpath-1.0.0.tgz}
    dev: true

  /fsevents/2.3.2:
    resolution: {integrity: sha1-ilJveLj99GI7cJ4Ll1xSwkwC/Ro=, tarball: fsevents/download/fsevents-2.3.2.tgz}
    engines: {node: ^8.16.0 || ^10.6.0 || >=11.0.0}
    os: [darwin]
    requiresBuild: true
    dev: true
    optional: true

  /function-bind/1.1.1:
    resolution: {integrity: sha1-pWiZ0+o8m6uHS7l3O3xe3pL0iV0=, tarball: function-bind/download/function-bind-1.1.1.tgz}
    dev: true

  /functional-red-black-tree/1.0.1:
    resolution: {integrity: sha1-GwqzvVU7Kg1jmdKcDj6gslIHgyc=, tarball: functional-red-black-tree/download/functional-red-black-tree-1.0.1.tgz}
    dev: true

  /glob-parent/5.1.2:
    resolution: {integrity: sha1-hpgyxYA0/mikCTwX3BXoNA2EAcQ=, tarball: glob-parent/download/glob-parent-5.1.2.tgz}
    engines: {node: '>= 6'}
    dependencies:
      is-glob: 4.0.3
    dev: true

  /glob/7.2.0:
    resolution: {integrity: sha512-lmLf6gtyrPq8tTjSmrO94wBeQbFR3HbLHbuyD69wuyQkImp2hWqMGB47OX65FBkPffO641IP9jWa1z4ivqG26Q==, tarball: glob/download/glob-7.2.0.tgz}
    dependencies:
      fs.realpath: 1.0.0
      inflight: 1.0.6
      inherits: 2.0.4
      minimatch: 3.0.4
      once: 1.4.0
      path-is-absolute: 1.0.1
    dev: true

  /globby/11.0.4:
    resolution: {integrity: sha1-LLr/d8Lypi5x6bKBOme5ejowAaU=, tarball: globby/download/globby-11.0.4.tgz}
    engines: {node: '>=10'}
    dependencies:
      array-union: 2.1.0
      dir-glob: 3.0.1
      fast-glob: 3.2.7
      ignore: 5.2.0
      merge2: 1.4.1
      slash: 3.0.0
    dev: true

  /has/1.0.3:
    resolution: {integrity: sha1-ci18v8H2qoJB8W3YFOAR4fQeh5Y=, tarball: has/download/has-1.0.3.tgz}
    engines: {node: '>= 0.4.0'}
    dependencies:
      function-bind: 1.1.1
    dev: true

  /ignore/5.2.0:
    resolution: {integrity: sha512-CmxgYGiEPCLhfLnpPp1MoRmifwEIOgjcHXxOBjv7mY96c+eWScsOP9c112ZyLdWHi0FxHjI+4uVhKYp/gcdRmQ==, tarball: ignore/download/ignore-5.2.0.tgz}
    engines: {node: '>= 4'}
    dev: true

  /inflight/1.0.6:
    resolution: {integrity: sha1-Sb1jMdfQLQwJvJEKEHW6gWW1bfk=, tarball: inflight/download/inflight-1.0.6.tgz}
    dependencies:
      once: 1.4.0
      wrappy: 1.0.2
    dev: true

  /inherits/2.0.4:
    resolution: {integrity: sha1-D6LGT5MpF8NDOg3tVTY6rjdBa3w=, tarball: inherits/download/inherits-2.0.4.tgz}
    dev: true

  /is-core-module/2.8.0:
    resolution: {integrity: sha1-AyEzbD0JJeSX/Zf12VyxFKXM1Ug=, tarball: is-core-module/download/is-core-module-2.8.0.tgz}
    dependencies:
      has: 1.0.3
    dev: true

  /is-extglob/2.1.1:
    resolution: {integrity: sha1-qIwCU1eR8C7TfHahueqXc8gz+MI=, tarball: is-extglob/download/is-extglob-2.1.1.tgz}
    engines: {node: '>=0.10.0'}
    dev: true

  /is-glob/4.0.3:
    resolution: {integrity: sha1-ZPYeQsu7LuwgcanawLKLoeZdUIQ=, tarball: is-glob/download/is-glob-4.0.3.tgz}
    engines: {node: '>=0.10.0'}
    dependencies:
      is-extglob: 2.1.1
    dev: true

  /is-module/1.0.0:
    resolution: {integrity: sha1-Mlj7afeMFNW4FdZkM2tM/7ZEFZE=, tarball: is-module/download/is-module-1.0.0.tgz}
    dev: true

  /is-number/7.0.0:
    resolution: {integrity: sha1-dTU0W4lnNNX4DE0GxQlVUnoU8Ss=, tarball: is-number/download/is-number-7.0.0.tgz}
    engines: {node: '>=0.12.0'}
    dev: true

  /is-plain-object/5.0.0:
    resolution: {integrity: sha1-RCf1CrNCnpAl6n1S6QQ6nvQVk0Q=, tarball: is-plain-object/download/is-plain-object-5.0.0.tgz}
    engines: {node: '>=0.10.0'}
    dev: false

  /is-reference/1.2.1:
    resolution: {integrity: sha1-iy2sCzcfS8mU/eq6nrVC0DAC0Lc=, tarball: is-reference/download/is-reference-1.2.1.tgz}
    dependencies:
      '@types/estree': 0.0.50
    dev: true

  /lru-cache/6.0.0:
    resolution: {integrity: sha1-bW/mVw69lqr5D8rR2vo7JWbbOpQ=, tarball: lru-cache/download/lru-cache-6.0.0.tgz}
    engines: {node: '>=10'}
    dependencies:
      yallist: 4.0.0
    dev: true

  /magic-string/0.25.7:
    resolution: {integrity: sha1-P0l9b9NMZpxnmNy4IfLvMfVEUFE=, tarball: magic-string/download/magic-string-0.25.7.tgz}
    dependencies:
      sourcemap-codec: 1.4.8
    dev: true

  /merge2/1.4.1:
    resolution: {integrity: sha1-Q2iJL4hekHRVpv19xVwMnUBJkK4=, tarball: merge2/download/merge2-1.4.1.tgz}
    engines: {node: '>= 8'}
    dev: true

  /micromatch/4.0.4:
    resolution: {integrity: sha1-iW1Rnf6dsl/OlM63pQCRm/iB6/k=, tarball: micromatch/download/micromatch-4.0.4.tgz}
    engines: {node: '>=8.6'}
    dependencies:
      braces: 3.0.2
      picomatch: 2.3.0
    dev: true

  /minimatch/3.0.4:
    resolution: {integrity: sha1-UWbihkV/AzBgZL5Ul+jbsMPTIIM=, tarball: minimatch/download/minimatch-3.0.4.tgz}
    dependencies:
      brace-expansion: 1.1.11
    dev: true

  /moment/2.29.1:
    resolution: {integrity: sha1-sr52n6MZQL6e7qZGnAdeNQBvo9M=, tarball: moment/download/moment-2.29.1.tgz}
    dev: true

  /ms/2.1.2:
    resolution: {integrity: sha1-0J0fNXtEP0kzgqjrPM0YOHKuYAk=, tarball: ms/download/ms-2.1.2.tgz}
    dev: true

  /node-fetch/2.6.6:
    resolution: {integrity: sha1-F1GnwBg06OFpd1hzLp77burfr4k=, tarball: node-fetch/download/node-fetch-2.6.6.tgz}
    engines: {node: 4.x || >=6.0.0}
    dependencies:
      whatwg-url: 5.0.0
    dev: false

  /obsidian/0.12.17:
    resolution: {integrity: sha1-jv51MQ0OOYjN7M+7F206j/ezY8c=, tarball: obsidian/download/obsidian-0.12.17.tgz}
    dependencies:
      '@types/codemirror': 0.0.108
      moment: 2.29.1
    dev: true

  /once/1.4.0:
    resolution: {integrity: sha1-WDsap3WWHUsROsF9nFC6753Xa9E=, tarball: once/download/once-1.4.0.tgz}
    dependencies:
      wrappy: 1.0.2

  /path-is-absolute/1.0.1:
    resolution: {integrity: sha1-F0uSaHNVNP+8es5r9TpanhtcX18=, tarball: path-is-absolute/download/path-is-absolute-1.0.1.tgz}
    engines: {node: '>=0.10.0'}
    dev: true

  /path-parse/1.0.7:
    resolution: {integrity: sha1-+8EUtgykKzDZ2vWFjkvWi77bZzU=, tarball: path-parse/download/path-parse-1.0.7.tgz}
    dev: true

  /path-type/4.0.0:
    resolution: {integrity: sha1-hO0BwKe6OAr+CdkKjBgNzZ0DBDs=, tarball: path-type/download/path-type-4.0.0.tgz}
    engines: {node: '>=8'}
    dev: true

  /picomatch/2.3.0:
    resolution: {integrity: sha1-8fBh3o9qS/AiiS4tEoI0+5gwKXI=, tarball: picomatch/download/picomatch-2.3.0.tgz}
    engines: {node: '>=8.6'}

  /punycode/2.1.1:
    resolution: {integrity: sha1-tYsBCsQMIsVldhbI0sLALHv0eew=, tarball: punycode/download/punycode-2.1.1.tgz}
    engines: {node: '>=6'}
    dev: false

  /queue-microtask/1.2.3:
    resolution: {integrity: sha1-SSkii7xyTfrEPg77BYyve2z7YkM=, tarball: queue-microtask/download/queue-microtask-1.2.3.tgz}
    dev: true

  /regexpp/3.2.0:
    resolution: {integrity: sha1-BCWido2PI7rXDKS5BGH6LxIT4bI=, tarball: regexpp/download/regexpp-3.2.0.tgz}
    engines: {node: '>=8'}
    dev: true

  /resolve/1.20.0:
    resolution: {integrity: sha1-YpoBP7P3B1XW8LeTXMHCxTeLGXU=, tarball: resolve/download/resolve-1.20.0.tgz}
    dependencies:
      is-core-module: 2.8.0
      path-parse: 1.0.7
    dev: true

  /reusify/1.0.4:
    resolution: {integrity: sha1-kNo4Kx4SbvwCFG6QhFqI2xKSXXY=, tarball: reusify/download/reusify-1.0.4.tgz}
    engines: {iojs: '>=1.0.0', node: '>=0.10.0'}
    dev: true

  /rollup/2.62.0:
    resolution: {integrity: sha512-cJEQq2gwB0GWMD3rYImefQTSjrPYaC6s4J9pYqnstVLJ1CHa/aZNVkD4Epuvg4iLeMA4KRiq7UM7awKK6j7jcw==, tarball: rollup/download/rollup-2.62.0.tgz}
    engines: {node: '>=10.0.0'}
    hasBin: true
    optionalDependencies:
      fsevents: 2.3.2
    dev: true

  /run-parallel/1.2.0:
    resolution: {integrity: sha1-ZtE2jae9+SHrnZW9GpIp5/IaQ+4=, tarball: run-parallel/download/run-parallel-1.2.0.tgz}
    dependencies:
      queue-microtask: 1.2.3
    dev: true

  /semver/7.3.5:
    resolution: {integrity: sha1-C2Ich5NI2JmOSw5L6Us/EuYBjvc=, tarball: semver/download/semver-7.3.5.tgz}
    engines: {node: '>=10'}
    hasBin: true
    dependencies:
      lru-cache: 6.0.0
    dev: true

  /slash/3.0.0:
    resolution: {integrity: sha1-ZTm+hwwWWtvVJAIg2+Nh8bxNRjQ=, tarball: slash/download/slash-3.0.0.tgz}
    engines: {node: '>=8'}
    dev: true

  /sourcemap-codec/1.4.8:
    resolution: {integrity: sha1-6oBL2UhXQC5pktBaOO8a41qatMQ=, tarball: sourcemap-codec/download/sourcemap-codec-1.4.8.tgz}
    dev: true

  /to-regex-range/5.0.1:
    resolution: {integrity: sha1-FkjESq58jZiKMmAY7XL1tN0DkuQ=, tarball: to-regex-range/download/to-regex-range-5.0.1.tgz}
    engines: {node: '>=8.0'}
    dependencies:
      is-number: 7.0.0
    dev: true

  /tr46/0.0.3:
    resolution: {integrity: sha1-gYT9NH2snNwYWZLzpmIuFLnZq2o=, tarball: tr46/download/tr46-0.0.3.tgz}
    dev: false

  /tr46/3.0.0:
    resolution: {integrity: sha1-VVxOKXqVBhfo7t3vYzyH1NnWy/k=, tarball: tr46/download/tr46-3.0.0.tgz}
    engines: {node: '>=12'}
    dependencies:
      punycode: 2.1.1
    dev: false

  /tslib/1.14.1:
    resolution: {integrity: sha1-zy04vcNKE0vK8QkcQfZhni9nLQA=, tarball: tslib/download/tslib-1.14.1.tgz}
    dev: true

  /tslib/2.3.1:
    resolution: {integrity: sha1-6KM1rdXOrlGqJh0ypJAVjvBC7wE=, tarball: tslib/download/tslib-2.3.1.tgz}
    dev: true

  /tsutils/3.21.0_typescript@4.4.4:
    resolution: {integrity: sha1-tIcX05TOpsHglpg+7Vjp1hcVtiM=, tarball: tsutils/download/tsutils-3.21.0.tgz}
    engines: {node: '>= 6'}
    peerDependencies:
      typescript: '>=2.8.0 || >= 3.2.0-dev || >= 3.3.0-dev || >= 3.4.0-dev || >= 3.5.0-dev || >= 3.6.0-dev || >= 3.6.0-beta || >= 3.7.0-dev || >= 3.7.0-beta'
    dependencies:
      tslib: 1.14.1
      typescript: 4.4.4
    dev: true

  /typescript/4.4.4:
    resolution: {integrity: sha1-LNAaGh8WBwTTEB/VpY/w+fy4Aww=, tarball: typescript/download/typescript-4.4.4.tgz}
    engines: {node: '>=4.2.0'}
    hasBin: true
    dev: true

  /universal-user-agent/6.0.0:
    resolution: {integrity: sha1-M4H4UDslHA2c0hvB3pOeyd9UgO4=, tarball: universal-user-agent/download/universal-user-agent-6.0.0.tgz}
    dev: false

  /webidl-conversions/3.0.1:
    resolution: {integrity: sha1-JFNCdeKnvGvnvIZhHMFq4KVlSHE=, tarball: webidl-conversions/download/webidl-conversions-3.0.1.tgz}
    dev: false

  /whatwg-url/5.0.0:
    resolution: {integrity: sha1-lmRU6HZUYuN2RNNib2dCzotwll0=, tarball: whatwg-url/download/whatwg-url-5.0.0.tgz}
    dependencies:
      tr46: 0.0.3
      webidl-conversions: 3.0.1
    dev: false

  /wrappy/1.0.2:
    resolution: {integrity: sha1-tSQ9jz7BqjXxNkYFvA0QNuMKtp8=, tarball: wrappy/download/wrappy-1.0.2.tgz}

  /yallist/4.0.0:
    resolution: {integrity: sha1-m7knkNnA7/7GO+c1GeEaNQGaOnI=, tarball: yallist/download/yallist-4.0.0.tgz}
    dev: true
