# THIS IS AN AUTOGENERATED FILE. DO NOT EDIT THIS FILE DIRECTLY.
# yarn lockfile v1


"@nodelib/fs.scandir@2.1.5":
  version "2.1.5"
  resolved "https://registry.npmmirror.com/@nodelib/fs.scandir/download/@nodelib/fs.scandir-2.1.5.tgz#7619c2eb21b25483f6d167548b4cfd5a7488c3d5"
  integrity sha1-dhnC6yGyVIP20WdUi0z9WnSIw9U=
  dependencies:
    "@nodelib/fs.stat" "2.0.5"
    run-parallel "^1.1.9"

"@nodelib/fs.stat@2.0.5", "@nodelib/fs.stat@^2.0.2":
  version "2.0.5"
  resolved "https://registry.npmmirror.com/@nodelib/fs.stat/download/@nodelib/fs.stat-2.0.5.tgz#5bd262af94e9d25bd1e71b05deed44876a222e8b"
  integrity sha1-W9Jir5Tp0lvR5xsF3u1Eh2oiLos=

"@nodelib/fs.walk@^1.2.3":
  version "1.2.8"
  resolved "https://registry.npmmirror.com/@nodelib/fs.walk/download/@nodelib/fs.walk-1.2.8.tgz#e95737e8bb6746ddedf69c556953494f196fe69a"
  integrity sha1-6Vc36LtnRt3t9pxVaVNJTxlv5po=
  dependencies:
    "@nodelib/fs.scandir" "2.1.5"
    fastq "^1.6.0"

"@octokit/auth-token@^2.4.4":
  version "2.5.0"
  resolved "https://registry.npmmirror.com/@octokit/auth-token/download/@octokit/auth-token-2.5.0.tgz#27c37ea26c205f28443402477ffd261311f21e36"
  integrity sha1-J8N+omwgXyhENAJHf/0mExHyHjY=
  dependencies:
    "@octokit/types" "^6.0.3"

"@octokit/core@^3.5.1":
  version "3.5.1"
  resolved "https://registry.npmmirror.com/@octokit/core/download/@octokit/core-3.5.1.tgz#8601ceeb1ec0e1b1b8217b960a413ed8e947809b"
  integrity sha1-hgHO6x7A4bG4IXuWCkE+2OlHgJs=
  dependencies:
    "@octokit/auth-token" "^2.4.4"
    "@octokit/graphql" "^4.5.8"
    "@octokit/request" "^5.6.0"
    "@octokit/request-error" "^2.0.5"
    "@octokit/types" "^6.0.3"
    before-after-hook "^2.2.0"
    universal-user-agent "^6.0.0"

"@octokit/endpoint@^6.0.1":
  version "6.0.12"
  resolved "https://registry.npmmirror.com/@octokit/endpoint/download/@octokit/endpoint-6.0.12.tgz#3b4d47a4b0e79b1027fb8d75d4221928b2d05658"
  integrity sha1-O01HpLDnmxAn+4111CIZKLLQVlg=
  dependencies:
    "@octokit/types" "^6.0.3"
    is-plain-object "^5.0.0"
    universal-user-agent "^6.0.0"

"@octokit/graphql@^4.5.8":
  version "4.8.0"
  resolved "https://registry.npmmirror.com/@octokit/graphql/download/@octokit/graphql-4.8.0.tgz#664d9b11c0e12112cbf78e10f49a05959aa22cc3"
  integrity sha1-Zk2bEcDhIRLL944Q9JoFlZqiLMM=
  dependencies:
    "@octokit/request" "^5.6.0"
    "@octokit/types" "^6.0.3"
    universal-user-agent "^6.0.0"

"@octokit/openapi-types@^11.2.0":
  version "11.2.0"
  resolved "https://registry.npmmirror.com/@octokit/openapi-types/download/@octokit/openapi-types-11.2.0.tgz#b38d7fc3736d52a1e96b230c1ccd4a58a2f400a6"
  integrity sha1-s41/w3NtUqHpayMMHM1KWKL0AKY=

"@octokit/request-error@^2.0.5", "@octokit/request-error@^2.1.0":
  version "2.1.0"
  resolved "https://registry.npmmirror.com/@octokit/request-error/download/@octokit/request-error-2.1.0.tgz#9e150357831bfc788d13a4fd4b1913d60c74d677"
  integrity sha1-nhUDV4Mb/HiNE6T9SxkT1gx01nc=
  dependencies:
    "@octokit/types" "^6.0.3"
    deprecation "^2.0.0"
    once "^1.4.0"

"@octokit/request@^5.6.0":
  version "5.6.2"
  resolved "https://registry.npmmirror.com/@octokit/request/download/@octokit/request-5.6.2.tgz#1aa74d5da7b9e04ac60ef232edd9a7438dcf32d8"
  integrity sha1-GqdNXae54ErGDvIy7dmnQ43PMtg=
  dependencies:
    "@octokit/endpoint" "^6.0.1"
    "@octokit/request-error" "^2.1.0"
    "@octokit/types" "^6.16.1"
    is-plain-object "^5.0.0"
    node-fetch "^2.6.1"
    universal-user-agent "^6.0.0"

"@octokit/types@^6.0.3", "@octokit/types@^6.16.1":
  version "6.34.0"
  resolved "https://registry.npmmirror.com/@octokit/types/download/@octokit/types-6.34.0.tgz#c6021333334d1ecfb5d370a8798162ddf1ae8218"
  integrity sha1-xgITMzNNHs+103CoeYFi3fGughg=
  dependencies:
    "@octokit/openapi-types" "^11.2.0"

"@rollup/plugin-commonjs@^21.0.1":
  version "21.0.1"
  resolved "https://registry.npmmirror.com/@rollup/plugin-commonjs/download/@rollup/plugin-commonjs-21.0.1.tgz#1e57c81ae1518e4df0954d681c642e7d94588fee"
  integrity sha1-HlfIGuFRjk3wlU1oHGQufZRYj+4=
  dependencies:
    "@rollup/pluginutils" "^3.1.0"
    commondir "^1.0.1"
    estree-walker "^2.0.1"
    glob "^7.1.6"
    is-reference "^1.2.1"
    magic-string "^0.25.7"
    resolve "^1.17.0"

"@rollup/plugin-json@^4.1.0":
  version "4.1.0"
  resolved "https://registry.npmmirror.com/@rollup/plugin-json/download/@rollup/plugin-json-4.1.0.tgz#54e09867ae6963c593844d8bd7a9c718294496f3"
  integrity sha1-VOCYZ65pY8WThE2L16nHGClElvM=
  dependencies:
    "@rollup/pluginutils" "^3.0.8"

"@rollup/plugin-node-resolve@^13.1.1":
  version "13.1.1"
  resolved "https://registry.npmmirror.com/@rollup/plugin-node-resolve/download/@rollup/plugin-node-resolve-13.1.1.tgz#d38ba06e7b181ab4df64c75409b43d9bdc95ae34"
  integrity sha512-6QKtRevXLrmEig9UiMYt2fSvee9TyltGRfw+qSs6xjUnxwjOzTOqy+/Lpxsgjb8mJn1EQNbCDAvt89O4uzL5kw==
  dependencies:
    "@rollup/pluginutils" "^3.1.0"
    "@types/resolve" "1.17.1"
    builtin-modules "^3.1.0"
    deepmerge "^4.2.2"
    is-module "^1.0.0"
    resolve "^1.19.0"

"@rollup/plugin-typescript@^8.3.0":
  version "8.3.0"
  resolved "https://registry.npmmirror.com/@rollup/plugin-typescript/download/@rollup/plugin-typescript-8.3.0.tgz#bc1077fa5897b980fc27e376c4e377882c63e68b"
  integrity sha1-vBB3+liXuYD8J+N2xON3iCxj5os=
  dependencies:
    "@rollup/pluginutils" "^3.1.0"
    resolve "^1.17.0"

"@rollup/pluginutils@^3.0.8", "@rollup/pluginutils@^3.1.0":
  version "3.1.0"
  resolved "https://registry.npmmirror.com/@rollup/pluginutils/download/@rollup/pluginutils-3.1.0.tgz#706b4524ee6dc8b103b3c995533e5ad680c02b9b"
  integrity sha1-cGtFJO5tyLEDs8mVUz5a1oDAK5s=
  dependencies:
    "@types/estree" "0.0.39"
    estree-walker "^1.0.1"
    picomatch "^2.2.2"

"@types/codemirror@0.0.108":
  version "0.0.108"
  resolved "https://registry.npmmirror.com/@types/codemirror/download/@types/codemirror-0.0.108.tgz#e640422b666bf49251b384c390cdeb2362585bde"
  integrity sha1-5kBCK2Zr9JJRs4TDkM3rI2JYW94=
  dependencies:
    "@types/tern" "*"

"@types/estree@*":
  version "0.0.50"
  resolved "https://registry.npmmirror.com/@types/estree/download/@types/estree-0.0.50.tgz#1e0caa9364d3fccd2931c3ed96fdbeaa5d4cca83"
  integrity sha1-Hgyqk2TT/M0pMcPtlv2+ql1MyoM=

"@types/estree@0.0.39":
  version "0.0.39"
  resolved "https://registry.npmmirror.com/@types/estree/download/@types/estree-0.0.39.tgz#e177e699ee1b8c22d23174caaa7422644389509f"
  integrity sha1-4Xfmme4bjCLSMXTKqnQiZEOJUJ8=

"@types/json-schema@^7.0.9":
  version "7.0.9"
  resolved "https://registry.npmmirror.com/@types/json-schema/download/@types/json-schema-7.0.9.tgz#97edc9037ea0c38585320b28964dde3b39e4660d"
  integrity sha1-l+3JA36gw4WFMgsolk3eOznkZg0=

"@types/node@*":
  version "17.0.4"
  resolved "https://registry.npmmirror.com/@types/node/download/@types/node-17.0.4.tgz#fec0ce0526abb6062fd206d72a642811b887a111"
  integrity sha512-6xwbrW4JJiJLgF+zNypN5wr2ykM9/jHcL7rQ8fZe2vuftggjzZeRSM4OwRc6Xk8qWjwJ99qVHo/JgOGmomWRog==

"@types/node@^16.11.6":
  version "16.11.17"
  resolved "https://registry.npmmirror.com/@types/node/download/@types/node-16.11.17.tgz#ae146499772e33fc6382e1880bc567e41a528586"
  integrity sha512-C1vTZME8cFo8uxY2ui41xcynEotVkczIVI5AjLmy5pkpBv/FtG+jhtOlfcPysI8VRVwoOMv6NJm44LGnoMSWkw==

"@types/resolve@1.17.1":
  version "1.17.1"
  resolved "https://registry.npmmirror.com/@types/resolve/download/@types/resolve-1.17.1.tgz?cache=0&sync_timestamp=1637271756784&other_urls=https%3A%2F%2Fregistry.npmmirror.com%2F%40types%2Fresolve%2Fdownload%2F%40types%2Fresolve-1.17.1.tgz#3afd6ad8967c77e4376c598a82ddd58f46ec45d6"
  integrity sha1-Ov1q2JZ8d+Q3bFmKgt3Vj0bsRdY=
  dependencies:
    "@types/node" "*"

"@types/tern@*":
  version "0.23.4"
  resolved "https://registry.npmmirror.com/@types/tern/download/@types/tern-0.23.4.tgz#03926eb13dbeaf3ae0d390caf706b2643a0127fb"
  integrity sha1-A5JusT2+rzrg05DK9wayZDoBJ/s=
  dependencies:
    "@types/estree" "*"

"@typescript-eslint/eslint-plugin@^5.2.0":
  version "5.8.0"
  resolved "https://registry.npmmirror.com/@typescript-eslint/eslint-plugin/download/@typescript-eslint/eslint-plugin-5.8.0.tgz#52cd9305ceef98a5333f9492d519e6c6c7fe7d43"
  integrity sha512-spu1UW7QuBn0nJ6+psnfCc3iVoQAifjKORgBngKOmC8U/1tbe2YJMzYQqDGYB4JCss7L8+RM2kKLb1B1Aw9BNA==
  dependencies:
    "@typescript-eslint/experimental-utils" "5.8.0"
    "@typescript-eslint/scope-manager" "5.8.0"
    debug "^4.3.2"
    functional-red-black-tree "^1.0.1"
    ignore "^5.1.8"
    regexpp "^3.2.0"
    semver "^7.3.5"
    tsutils "^3.21.0"

"@typescript-eslint/experimental-utils@5.8.0":
  version "5.8.0"
  resolved "https://registry.npmmirror.com/@typescript-eslint/experimental-utils/download/@typescript-eslint/experimental-utils-5.8.0.tgz#0916ffe98d34b3c95e3652efa0cace61a7b25728"
  integrity sha512-KN5FvNH71bhZ8fKtL+lhW7bjm7cxs1nt+hrDZWIqb6ViCffQcWyLunGrgvISgkRojIDcXIsH+xlFfI4RCDA0xA==
  dependencies:
    "@types/json-schema" "^7.0.9"
    "@typescript-eslint/scope-manager" "5.8.0"
    "@typescript-eslint/types" "5.8.0"
    "@typescript-eslint/typescript-estree" "5.8.0"
    eslint-scope "^5.1.1"
    eslint-utils "^3.0.0"

"@typescript-eslint/parser@^5.2.0":
  version "5.8.0"
  resolved "https://registry.npmmirror.com/@typescript-eslint/parser/download/@typescript-eslint/parser-5.8.0.tgz#b39970b21c1d7bc4a6018507fb29b380328d2587"
  integrity sha512-Gleacp/ZhRtJRYs5/T8KQR3pAQjQI89Dn/k+OzyCKOsLiZH2/Vh60cFBTnFsHNI6WAD+lNUo/xGZ4NeA5u0Ipw==
  dependencies:
    "@typescript-eslint/scope-manager" "5.8.0"
    "@typescript-eslint/types" "5.8.0"
    "@typescript-eslint/typescript-estree" "5.8.0"
    debug "^4.3.2"

"@typescript-eslint/scope-manager@5.8.0":
  version "5.8.0"
  resolved "https://registry.npmmirror.com/@typescript-eslint/scope-manager/download/@typescript-eslint/scope-manager-5.8.0.tgz#2371095b4fa4c7be6a80b380f4e1b49c715e16f4"
  integrity sha512-x82CYJsLOjPCDuFFEbS6e7K1QEWj7u5Wk1alw8A+gnJiYwNnDJk0ib6PCegbaPMjrfBvFKa7SxE3EOnnIQz2Gg==
  dependencies:
    "@typescript-eslint/types" "5.8.0"
    "@typescript-eslint/visitor-keys" "5.8.0"

"@typescript-eslint/types@5.8.0":
  version "5.8.0"
  resolved "https://registry.npmmirror.com/@typescript-eslint/types/download/@typescript-eslint/types-5.8.0.tgz#e7fa74ec35d9dbe3560d039d3d8734986c3971e0"
  integrity sha512-LdCYOqeqZWqCMOmwFnum6YfW9F3nKuxJiR84CdIRN5nfHJ7gyvGpXWqL/AaW0k3Po0+wm93ARAsOdzlZDPCcXg==

"@typescript-eslint/typescript-estree@5.8.0":
  version "5.8.0"
  resolved "https://registry.npmmirror.com/@typescript-eslint/typescript-estree/download/@typescript-eslint/typescript-estree-5.8.0.tgz#900469ba9d5a37f4482b014ecce4a5dbb86cb4dd"
  integrity sha512-srfeZ3URdEcUsSLbkOFqS7WoxOqn8JNil2NSLO9O+I2/Uyc85+UlfpEvQHIpj5dVts7KKOZnftoJD/Fdv0L7nQ==
  dependencies:
    "@typescript-eslint/types" "5.8.0"
    "@typescript-eslint/visitor-keys" "5.8.0"
    debug "^4.3.2"
    globby "^11.0.4"
    is-glob "^4.0.3"
    semver "^7.3.5"
    tsutils "^3.21.0"

"@typescript-eslint/visitor-keys@5.8.0":
  version "5.8.0"
  resolved "https://registry.npmmirror.com/@typescript-eslint/visitor-keys/download/@typescript-eslint/visitor-keys-5.8.0.tgz#22d4ed96fe2451135299239feedb9fe1dcec780c"
  integrity sha512-+HDIGOEMnqbxdAHegxvnOqESUH6RWFRR2b8qxP1W9CZnnYh4Usz6MBL+2KMAgPk/P0o9c1HqnYtwzVH6GTIqug==
  dependencies:
    "@typescript-eslint/types" "5.8.0"
    eslint-visitor-keys "^3.0.0"

array-union@^2.1.0:
  version "2.1.0"
  resolved "https://registry.npmmirror.com/array-union/download/array-union-2.1.0.tgz#b798420adbeb1de828d84acd8a2e23d3efe85e8d"
  integrity sha1-t5hCCtvrHego2ErNii4j0+/oXo0=

balanced-match@^1.0.0:
  version "1.0.2"
  resolved "https://registry.npmmirror.com/balanced-match/download/balanced-match-1.0.2.tgz#e83e3a7e3f300b34cb9d87f615fa0cbf357690ee"
  integrity sha1-6D46fj8wCzTLnYf2FfoMvzV2kO4=

before-after-hook@^2.2.0:
  version "2.2.2"
  resolved "https://registry.npmmirror.com/before-after-hook/download/before-after-hook-2.2.2.tgz#a6e8ca41028d90ee2c24222f201c90956091613e"
  integrity sha1-pujKQQKNkO4sJCIvIByQlWCRYT4=

brace-expansion@^1.1.7:
  version "1.1.11"
  resolved "https://registry.npmmirror.com/brace-expansion/download/brace-expansion-1.1.11.tgz#3c7fcbf529d87226f3d2f52b966ff5271eb441dd"
  integrity sha1-PH/L9SnYcibz0vUrlm/1Jx60Qd0=
  dependencies:
    balanced-match "^1.0.0"
    concat-map "0.0.1"

braces@^3.0.1:
  version "3.0.2"
  resolved "https://registry.npmmirror.com/braces/download/braces-3.0.2.tgz#3454e1a462ee8d599e236df336cd9ea4f8afe107"
  integrity sha1-NFThpGLujVmeI23zNs2epPiv4Qc=
  dependencies:
    fill-range "^7.0.1"

builtin-modules@^3.1.0, builtin-modules@^3.2.0:
  version "3.2.0"
  resolved "https://registry.npmmirror.com/builtin-modules/download/builtin-modules-3.2.0.tgz#45d5db99e7ee5e6bc4f362e008bf917ab5049887"
  integrity sha1-RdXbmefuXmvE82LgCL+RerUEmIc=

commondir@^1.0.1:
  version "1.0.1"
  resolved "https://registry.npmmirror.com/commondir/download/commondir-1.0.1.tgz#ddd800da0c66127393cca5950ea968a3aaf1253b"
  integrity sha1-3dgA2gxmEnOTzKWVDqloo6rxJTs=

concat-map@0.0.1:
  version "0.0.1"
  resolved "https://registry.npmmirror.com/concat-map/download/concat-map-0.0.1.tgz#d8a96bd77fd68df7793a73036a3ba0d5405d477b"
  integrity sha1-2Klr13/Wjfd5OnMDajug1UBdR3s=

debug@^4.3.2:
  version "4.3.3"
  resolved "https://registry.npmmirror.com/debug/download/debug-4.3.3.tgz#04266e0b70a98d4462e6e288e38259213332b664"
  integrity sha512-/zxw5+vh1Tfv+4Qn7a5nsbcJKPaSvCDhojn6FEl9vupwK2VCSDtEiEtqr8DFtzYFOdz63LBkxec7DYuc2jon6Q==
  dependencies:
    ms "2.1.2"

deepmerge@^4.2.2:
  version "4.2.2"
  resolved "https://registry.npmmirror.com/deepmerge/download/deepmerge-4.2.2.tgz#44d2ea3679b8f4d4ffba33f03d865fc1e7bf4955"
  integrity sha1-RNLqNnm49NT/ujPwPYZfwee/SVU=

deprecation@^2.0.0:
  version "2.3.1"
  resolved "https://registry.npmmirror.com/deprecation/download/deprecation-2.3.1.tgz#6368cbdb40abf3373b525ac87e4a260c3a700919"
  integrity sha1-Y2jL20Cr8zc7UlrIfkomDDpwCRk=

dir-glob@^3.0.1:
  version "3.0.1"
  resolved "https://registry.npmmirror.com/dir-glob/download/dir-glob-3.0.1.tgz#56dbf73d992a4a93ba1584f4534063fd2e41717f"
  integrity sha1-Vtv3PZkqSpO6FYT0U0Bj/S5BcX8=
  dependencies:
    path-type "^4.0.0"

eslint-scope@^5.1.1:
  version "5.1.1"
  resolved "https://registry.npmmirror.com/eslint-scope/download/eslint-scope-5.1.1.tgz?cache=0&sync_timestamp=1637466929956&other_urls=https%3A%2F%2Fregistry.npmmirror.com%2Feslint-scope%2Fdownload%2Feslint-scope-5.1.1.tgz#e786e59a66cb92b3f6c1fb0d508aab174848f48c"
  integrity sha1-54blmmbLkrP2wfsNUIqrF0hI9Iw=
  dependencies:
    esrecurse "^4.3.0"
    estraverse "^4.1.1"

eslint-utils@^3.0.0:
  version "3.0.0"
  resolved "https://registry.npmmirror.com/eslint-utils/download/eslint-utils-3.0.0.tgz?cache=0&sync_timestamp=1632470817621&other_urls=https%3A%2F%2Fregistry.npmmirror.com%2Feslint-utils%2Fdownload%2Feslint-utils-3.0.0.tgz#8aebaface7345bb33559db0a1f13a1d2d48c3672"
  integrity sha1-iuuvrOc0W7M1WdsKHxOh0tSMNnI=
  dependencies:
    eslint-visitor-keys "^2.0.0"

eslint-visitor-keys@^2.0.0:
  version "2.1.0"
  resolved "https://registry.npmmirror.com/eslint-visitor-keys/download/eslint-visitor-keys-2.1.0.tgz?cache=0&sync_timestamp=1636378356516&other_urls=https%3A%2F%2Fregistry.npmmirror.com%2Feslint-visitor-keys%2Fdownload%2Feslint-visitor-keys-2.1.0.tgz#f65328259305927392c938ed44eb0a5c9b2bd303"
  integrity sha1-9lMoJZMFknOSyTjtROsKXJsr0wM=

eslint-visitor-keys@^3.0.0:
  version "3.1.0"
  resolved "https://registry.npmmirror.com/eslint-visitor-keys/download/eslint-visitor-keys-3.1.0.tgz?cache=0&sync_timestamp=1636378356516&other_urls=https%3A%2F%2Fregistry.npmmirror.com%2Feslint-visitor-keys%2Fdownload%2Feslint-visitor-keys-3.1.0.tgz#eee4acea891814cda67a7d8812d9647dd0179af2"
  integrity sha512-yWJFpu4DtjsWKkt5GeNBBuZMlNcYVs6vRCLoCVEJrTjaSB6LC98gFipNK/erM2Heg/E8mIK+hXG/pJMLK+eRZA==

esrecurse@^4.3.0:
  version "4.3.0"
  resolved "https://registry.npmmirror.com/esrecurse/download/esrecurse-4.3.0.tgz#7ad7964d679abb28bee72cec63758b1c5d2c9921"
  integrity sha1-eteWTWeauyi+5yzsY3WLHF0smSE=
  dependencies:
    estraverse "^5.2.0"

estraverse@^4.1.1:
  version "4.3.0"
  resolved "https://registry.npmmirror.com/estraverse/download/estraverse-4.3.0.tgz?cache=0&sync_timestamp=1635237716974&other_urls=https%3A%2F%2Fregistry.npmmirror.com%2Festraverse%2Fdownload%2Festraverse-4.3.0.tgz#398ad3f3c5a24948be7725e83d11a7de28cdbd1d"
  integrity sha1-OYrT88WiSUi+dyXoPRGn3ijNvR0=

estraverse@^5.2.0:
  version "5.3.0"
  resolved "https://registry.npmmirror.com/estraverse/download/estraverse-5.3.0.tgz?cache=0&sync_timestamp=1635237716974&other_urls=https%3A%2F%2Fregistry.npmmirror.com%2Festraverse%2Fdownload%2Festraverse-5.3.0.tgz#2eea5290702f26ab8fe5370370ff86c965d21123"
  integrity sha1-LupSkHAvJquP5TcDcP+GyWXSESM=

estree-walker@^1.0.1:
  version "1.0.1"
  resolved "https://registry.npmmirror.com/estree-walker/download/estree-walker-1.0.1.tgz#31bc5d612c96b704106b477e6dd5d8aa138cb700"
  integrity sha1-MbxdYSyWtwQQa0d+bdXYqhOMtwA=

estree-walker@^2.0.1:
  version "2.0.2"
  resolved "https://registry.npmmirror.com/estree-walker/download/estree-walker-2.0.2.tgz#52f010178c2a4c117a7757cfe942adb7d2da4cac"
  integrity sha1-UvAQF4wqTBF6d1fP6UKtt9LaTKw=

fast-glob@^3.1.1:
  version "3.2.7"
  resolved "https://registry.npmmirror.com/fast-glob/download/fast-glob-3.2.7.tgz#fd6cb7a2d7e9aa7a7846111e85a196d6b2f766a1"
  integrity sha1-/Wy3otfpqnp4RhEehaGW1rL3ZqE=
  dependencies:
    "@nodelib/fs.stat" "^2.0.2"
    "@nodelib/fs.walk" "^1.2.3"
    glob-parent "^5.1.2"
    merge2 "^1.3.0"
    micromatch "^4.0.4"

fastq@^1.6.0:
  version "1.13.0"
  resolved "https://registry.npmmirror.com/fastq/download/fastq-1.13.0.tgz#616760f88a7526bdfc596b7cab8c18938c36b98c"
  integrity sha1-YWdg+Ip1Jr38WWt8q4wYk4w2uYw=
  dependencies:
    reusify "^1.0.4"

fill-range@^7.0.1:
  version "7.0.1"
  resolved "https://registry.npmmirror.com/fill-range/download/fill-range-7.0.1.tgz#1919a6a7c75fe38b2c7c77e5198535da9acdda40"
  integrity sha1-GRmmp8df44ssfHflGYU12prN2kA=
  dependencies:
    to-regex-range "^5.0.1"

fs.realpath@^1.0.0:
  version "1.0.0"
  resolved "https://registry.npmmirror.com/fs.realpath/download/fs.realpath-1.0.0.tgz#1504ad2523158caa40db4a2787cb01411994ea4f"
  integrity sha1-FQStJSMVjKpA20onh8sBQRmU6k8=

fsevents@~2.3.2:
  version "2.3.2"
  resolved "https://registry.npmmirror.com/fsevents/download/fsevents-2.3.2.tgz#8a526f78b8fdf4623b709e0b975c52c24c02fd1a"
  integrity sha1-ilJveLj99GI7cJ4Ll1xSwkwC/Ro=

function-bind@^1.1.1:
  version "1.1.1"
  resolved "https://registry.npmmirror.com/function-bind/download/function-bind-1.1.1.tgz#a56899d3ea3c9bab874bb9773b7c5ede92f4895d"
  integrity sha1-pWiZ0+o8m6uHS7l3O3xe3pL0iV0=

functional-red-black-tree@^1.0.1:
  version "1.0.1"
  resolved "https://registry.npmmirror.com/functional-red-black-tree/download/functional-red-black-tree-1.0.1.tgz#1b0ab3bd553b2a0d6399d29c0e3ea0b252078327"
  integrity sha1-GwqzvVU7Kg1jmdKcDj6gslIHgyc=

glob-parent@^5.1.2:
  version "5.1.2"
  resolved "https://registry.npmmirror.com/glob-parent/download/glob-parent-5.1.2.tgz?cache=0&sync_timestamp=1632953971963&other_urls=https%3A%2F%2Fregistry.npmmirror.com%2Fglob-parent%2Fdownload%2Fglob-parent-5.1.2.tgz#869832c58034fe68a4093c17dc15e8340d8401c4"
  integrity sha1-hpgyxYA0/mikCTwX3BXoNA2EAcQ=
  dependencies:
    is-glob "^4.0.1"

glob@^7.1.6:
  version "7.2.0"
  resolved "https://registry.npmmirror.com/glob/download/glob-7.2.0.tgz#d15535af7732e02e948f4c41628bd910293f6023"
  integrity sha512-lmLf6gtyrPq8tTjSmrO94wBeQbFR3HbLHbuyD69wuyQkImp2hWqMGB47OX65FBkPffO641IP9jWa1z4ivqG26Q==
  dependencies:
    fs.realpath "^1.0.0"
    inflight "^1.0.4"
    inherits "2"
    minimatch "^3.0.4"
    once "^1.3.0"
    path-is-absolute "^1.0.0"

globby@^11.0.4:
  version "11.0.4"
  resolved "https://registry.npmmirror.com/globby/download/globby-11.0.4.tgz#2cbaff77c2f2a62e71e9b2813a67b97a3a3001a5"
  integrity sha1-LLr/d8Lypi5x6bKBOme5ejowAaU=
  dependencies:
    array-union "^2.1.0"
    dir-glob "^3.0.1"
    fast-glob "^3.1.1"
    ignore "^5.1.4"
    merge2 "^1.3.0"
    slash "^3.0.0"

has@^1.0.3:
  version "1.0.3"
  resolved "https://registry.npmmirror.com/has/download/has-1.0.3.tgz#722d7cbfc1f6aa8241f16dd814e011e1f41e8796"
  integrity sha1-ci18v8H2qoJB8W3YFOAR4fQeh5Y=
  dependencies:
    function-bind "^1.1.1"

ignore@^5.1.4, ignore@^5.1.8:
  version "5.2.0"
  resolved "https://registry.npmmirror.com/ignore/download/ignore-5.2.0.tgz#6d3bac8fa7fe0d45d9f9be7bac2fc279577e345a"
  integrity sha512-CmxgYGiEPCLhfLnpPp1MoRmifwEIOgjcHXxOBjv7mY96c+eWScsOP9c112ZyLdWHi0FxHjI+4uVhKYp/gcdRmQ==

inflight@^1.0.4:
  version "1.0.6"
  resolved "https://registry.npmmirror.com/inflight/download/inflight-1.0.6.tgz#49bd6331d7d02d0c09bc910a1075ba8165b56df9"
  integrity sha1-Sb1jMdfQLQwJvJEKEHW6gWW1bfk=
  dependencies:
    once "^1.3.0"
    wrappy "1"

inherits@2:
  version "2.0.4"
  resolved "https://registry.npmmirror.com/inherits/download/inherits-2.0.4.tgz#0fa2c64f932917c3433a0ded55363aae37416b7c"
  integrity sha1-D6LGT5MpF8NDOg3tVTY6rjdBa3w=

is-core-module@^2.2.0:
  version "2.8.0"
  resolved "https://registry.npmmirror.com/is-core-module/download/is-core-module-2.8.0.tgz?cache=0&sync_timestamp=1634236434261&other_urls=https%3A%2F%2Fregistry.npmmirror.com%2Fis-core-module%2Fdownload%2Fis-core-module-2.8.0.tgz#0321336c3d0925e497fd97f5d95cb114a5ccd548"
  integrity sha1-AyEzbD0JJeSX/Zf12VyxFKXM1Ug=
  dependencies:
    has "^1.0.3"

is-extglob@^2.1.1:
  version "2.1.1"
  resolved "https://registry.npmmirror.com/is-extglob/download/is-extglob-2.1.1.tgz#a88c02535791f02ed37c76a1b9ea9773c833f8c2"
  integrity sha1-qIwCU1eR8C7TfHahueqXc8gz+MI=

is-glob@^4.0.1, is-glob@^4.0.3:
  version "4.0.3"
  resolved "https://registry.npmmirror.com/is-glob/download/is-glob-4.0.3.tgz?cache=0&sync_timestamp=1632934382080&other_urls=https%3A%2F%2Fregistry.npmmirror.com%2Fis-glob%2Fdownload%2Fis-glob-4.0.3.tgz#64f61e42cbbb2eec2071a9dac0b28ba1e65d5084"
  integrity sha1-ZPYeQsu7LuwgcanawLKLoeZdUIQ=
  dependencies:
    is-extglob "^2.1.1"

is-module@^1.0.0:
  version "1.0.0"
  resolved "https://registry.npmmirror.com/is-module/download/is-module-1.0.0.tgz#3258fb69f78c14d5b815d664336b4cffb6441591"
  integrity sha1-Mlj7afeMFNW4FdZkM2tM/7ZEFZE=

is-number@^7.0.0:
  version "7.0.0"
  resolved "https://registry.npmmirror.com/is-number/download/is-number-7.0.0.tgz#7535345b896734d5f80c4d06c50955527a14f12b"
  integrity sha1-dTU0W4lnNNX4DE0GxQlVUnoU8Ss=

is-plain-object@^5.0.0:
  version "5.0.0"
  resolved "https://registry.npmmirror.com/is-plain-object/download/is-plain-object-5.0.0.tgz#4427f50ab3429e9025ea7d52e9043a9ef4159344"
  integrity sha1-RCf1CrNCnpAl6n1S6QQ6nvQVk0Q=

is-reference@^1.2.1:
  version "1.2.1"
  resolved "https://registry.npmmirror.com/is-reference/download/is-reference-1.2.1.tgz#8b2dac0b371f4bc994fdeaba9eb542d03002d0b7"
  integrity sha1-iy2sCzcfS8mU/eq6nrVC0DAC0Lc=
  dependencies:
    "@types/estree" "*"

lru-cache@^6.0.0:
  version "6.0.0"
  resolved "https://registry.npmmirror.com/lru-cache/download/lru-cache-6.0.0.tgz#6d6fe6570ebd96aaf90fcad1dafa3b2566db3a94"
  integrity sha1-bW/mVw69lqr5D8rR2vo7JWbbOpQ=
  dependencies:
    yallist "^4.0.0"

magic-string@^0.25.7:
  version "0.25.7"
  resolved "https://registry.npmmirror.com/magic-string/download/magic-string-0.25.7.tgz#3f497d6fd34c669c6798dcb821f2ef31f5445051"
  integrity sha1-P0l9b9NMZpxnmNy4IfLvMfVEUFE=
  dependencies:
    sourcemap-codec "^1.4.4"

merge2@^1.3.0:
  version "1.4.1"
  resolved "https://registry.npmmirror.com/merge2/download/merge2-1.4.1.tgz#4368892f885e907455a6fd7dc55c0c9d404990ae"
  integrity sha1-Q2iJL4hekHRVpv19xVwMnUBJkK4=

micromatch@^4.0.4:
  version "4.0.4"
  resolved "https://registry.npmmirror.com/micromatch/download/micromatch-4.0.4.tgz#896d519dfe9db25fce94ceb7a500919bf881ebf9"
  integrity sha1-iW1Rnf6dsl/OlM63pQCRm/iB6/k=
  dependencies:
    braces "^3.0.1"
    picomatch "^2.2.3"

minimatch@^3.0.4:
  version "3.0.4"
  resolved "https://registry.npmmirror.com/minimatch/download/minimatch-3.0.4.tgz#5166e286457f03306064be5497e8dbb0c3d32083"
  integrity sha1-UWbihkV/AzBgZL5Ul+jbsMPTIIM=
  dependencies:
    brace-expansion "^1.1.7"

moment@2.29.1:
  version "2.29.1"
  resolved "https://registry.npmmirror.com/moment/download/moment-2.29.1.tgz#b2be769fa31940be9eeea6469c075e35006fa3d3"
  integrity sha1-sr52n6MZQL6e7qZGnAdeNQBvo9M=

ms@2.1.2:
  version "2.1.2"
  resolved "https://registry.npmmirror.com/ms/download/ms-2.1.2.tgz#d09d1f357b443f493382a8eb3ccd183872ae6009"
  integrity sha1-0J0fNXtEP0kzgqjrPM0YOHKuYAk=

node-fetch@^2.6.1:
  version "2.6.6"
  resolved "https://registry.npmmirror.com/node-fetch/download/node-fetch-2.6.6.tgz#1751a7c01834e8e1697758732e9efb6eeadfaf89"
  integrity sha1-F1GnwBg06OFpd1hzLp77burfr4k=
  dependencies:
    whatwg-url "^5.0.0"

obsidian@^0.12.17:
  version "0.12.17"
  resolved "https://registry.npmmirror.com/obsidian/download/obsidian-0.12.17.tgz#8efe75310d0e3988cdeccfbb176d3a8ff7b363c7"
  integrity sha1-jv51MQ0OOYjN7M+7F206j/ezY8c=
  dependencies:
    "@types/codemirror" "0.0.108"
    moment "2.29.1"

once@^1.3.0, once@^1.4.0:
  version "1.4.0"
  resolved "https://registry.npmmirror.com/once/download/once-1.4.0.tgz#583b1aa775961d4b113ac17d9c50baef9dd76bd1"
  integrity sha1-WDsap3WWHUsROsF9nFC6753Xa9E=
  dependencies:
    wrappy "1"

path-is-absolute@^1.0.0:
  version "1.0.1"
  resolved "https://registry.npmmirror.com/path-is-absolute/download/path-is-absolute-1.0.1.tgz#174b9268735534ffbc7ace6bf53a5a9e1b5c5f5f"
  integrity sha1-F0uSaHNVNP+8es5r9TpanhtcX18=

path-parse@^1.0.6:
  version "1.0.7"
  resolved "https://registry.npmmirror.com/path-parse/download/path-parse-1.0.7.tgz?cache=0&sync_timestamp=1632469101267&other_urls=https%3A%2F%2Fregistry.npmmirror.com%2Fpath-parse%2Fdownload%2Fpath-parse-1.0.7.tgz#fbc114b60ca42b30d9daf5858e4bd68bbedb6735"
  integrity sha1-+8EUtgykKzDZ2vWFjkvWi77bZzU=

path-type@^4.0.0:
  version "4.0.0"
  resolved "https://registry.npmmirror.com/path-type/download/path-type-4.0.0.tgz#84ed01c0a7ba380afe09d90a8c180dcd9d03043b"
  integrity sha1-hO0BwKe6OAr+CdkKjBgNzZ0DBDs=

picomatch@^2.2.2, picomatch@^2.2.3:
  version "2.3.0"
  resolved "https://registry.npmmirror.com/picomatch/download/picomatch-2.3.0.tgz#f1f061de8f6a4bf022892e2d128234fb98302972"
  integrity sha1-8fBh3o9qS/AiiS4tEoI0+5gwKXI=

punycode@^2.1.1:
  version "2.1.1"
  resolved "https://registry.npmmirror.com/punycode/download/punycode-2.1.1.tgz#b58b010ac40c22c5657616c8d2c2c02c7bf479ec"
  integrity sha1-tYsBCsQMIsVldhbI0sLALHv0eew=

queue-microtask@^1.2.2:
  version "1.2.3"
  resolved "https://registry.npmmirror.com/queue-microtask/download/queue-microtask-1.2.3.tgz#4929228bbc724dfac43e0efb058caf7b6cfb6243"
  integrity sha1-SSkii7xyTfrEPg77BYyve2z7YkM=

regexpp@^3.2.0:
  version "3.2.0"
  resolved "https://registry.npmmirror.com/regexpp/download/regexpp-3.2.0.tgz#0425a2768d8f23bad70ca4b90461fa2f1213e1b2"
  integrity sha1-BCWido2PI7rXDKS5BGH6LxIT4bI=

resolve@^1.17.0, resolve@^1.19.0:
  version "1.20.0"
  resolved "https://registry.npmmirror.com/resolve/download/resolve-1.20.0.tgz#629a013fb3f70755d6f0b7935cc1c2c5378b1975"
  integrity sha1-YpoBP7P3B1XW8LeTXMHCxTeLGXU=
  dependencies:
    is-core-module "^2.2.0"
    path-parse "^1.0.6"

reusify@^1.0.4:
  version "1.0.4"
  resolved "https://registry.npmmirror.com/reusify/download/reusify-1.0.4.tgz#90da382b1e126efc02146e90845a88db12925d76"
  integrity sha1-kNo4Kx4SbvwCFG6QhFqI2xKSXXY=

rollup@^2.61.1:
  version "2.62.0"
  resolved "https://registry.npmmirror.com/rollup/download/rollup-2.62.0.tgz#9e640b419fc5b9e0241844f6d55258bd79986ecc"
  integrity sha512-cJEQq2gwB0GWMD3rYImefQTSjrPYaC6s4J9pYqnstVLJ1CHa/aZNVkD4Epuvg4iLeMA4KRiq7UM7awKK6j7jcw==
  optionalDependencies:
    fsevents "~2.3.2"

run-parallel@^1.1.9:
  version "1.2.0"
  resolved "https://registry.npmmirror.com/run-parallel/download/run-parallel-1.2.0.tgz#66d1368da7bdf921eb9d95bd1a9229e7f21a43ee"
  integrity sha1-ZtE2jae9+SHrnZW9GpIp5/IaQ+4=
  dependencies:
    queue-microtask "^1.2.2"

semver@^7.3.5:
  version "7.3.5"
  resolved "https://registry.npmmirror.com/semver/download/semver-7.3.5.tgz#0b621c879348d8998e4b0e4be94b3f12e6018ef7"
  integrity sha1-C2Ich5NI2JmOSw5L6Us/EuYBjvc=
  dependencies:
    lru-cache "^6.0.0"

slash@^3.0.0:
  version "3.0.0"
  resolved "https://registry.npmmirror.com/slash/download/slash-3.0.0.tgz#6539be870c165adbd5240220dbe361f1bc4d4634"
  integrity sha1-ZTm+hwwWWtvVJAIg2+Nh8bxNRjQ=

sourcemap-codec@^1.4.4:
  version "1.4.8"
  resolved "https://registry.npmmirror.com/sourcemap-codec/download/sourcemap-codec-1.4.8.tgz#ea804bd94857402e6992d05a38ef1ae35a9ab4c4"
  integrity sha1-6oBL2UhXQC5pktBaOO8a41qatMQ=

to-regex-range@^5.0.1:
  version "5.0.1"
  resolved "https://registry.npmmirror.com/to-regex-range/download/to-regex-range-5.0.1.tgz#1648c44aae7c8d988a326018ed72f5b4dd0392e4"
  integrity sha1-FkjESq58jZiKMmAY7XL1tN0DkuQ=
  dependencies:
    is-number "^7.0.0"

tr46@^3.0.0:
  version "3.0.0"
  resolved "https://registry.npmmirror.com/tr46/download/tr46-3.0.0.tgz#555c4e297a950617e8eeddef633c87d4d9d6cbf9"
  integrity sha1-VVxOKXqVBhfo7t3vYzyH1NnWy/k=
  dependencies:
    punycode "^2.1.1"

tr46@~0.0.3:
  version "0.0.3"
  resolved "https://registry.npmmirror.com/tr46/download/tr46-0.0.3.tgz#8184fd347dac9cdc185992f3a6622e14b9d9ab6a"
  integrity sha1-gYT9NH2snNwYWZLzpmIuFLnZq2o=

tslib@2.3.1:
  version "2.3.1"
  resolved "https://registry.npmmirror.com/tslib/download/tslib-2.3.1.tgz#e8a335add5ceae51aa261d32a490158ef042ef01"
  integrity sha1-6KM1rdXOrlGqJh0ypJAVjvBC7wE=

tslib@^1.8.1:
  version "1.14.1"
  resolved "https://registry.npmmirror.com/tslib/download/tslib-1.14.1.tgz#cf2d38bdc34a134bcaf1091c41f6619e2f672d00"
  integrity sha1-zy04vcNKE0vK8QkcQfZhni9nLQA=

tsutils@^3.21.0:
  version "3.21.0"
  resolved "https://registry.npmmirror.com/tsutils/download/tsutils-3.21.0.tgz?cache=0&sync_timestamp=1632753477577&other_urls=https%3A%2F%2Fregistry.npmmirror.com%2Ftsutils%2Fdownload%2Ftsutils-3.21.0.tgz#b48717d394cea6c1e096983eed58e9d61715b623"
  integrity sha1-tIcX05TOpsHglpg+7Vjp1hcVtiM=
  dependencies:
    tslib "^1.8.1"

typescript@4.4.4:
  version "4.4.4"
  resolved "https://registry.npmmirror.com/typescript/download/typescript-4.4.4.tgz#2cd01a1a1f160704d3101fd5a58ff0f9fcb8030c"
  integrity sha512-DqGhF5IKoBl8WNf8C1gu8q0xZSInh9j1kJJMqT3a94w1JzVaBU4EXOSMrz9yDqMT0xt3selp83fuFMQ0uzv6qA==

universal-user-agent@^6.0.0:
  version "6.0.0"
  resolved "https://registry.npmmirror.com/universal-user-agent/download/universal-user-agent-6.0.0.tgz#3381f8503b251c0d9cd21bc1de939ec9df5480ee"
  integrity sha1-M4H4UDslHA2c0hvB3pOeyd9UgO4=

webidl-conversions@^3.0.0:
  version "3.0.1"
  resolved "https://registry.npmmirror.com/webidl-conversions/download/webidl-conversions-3.0.1.tgz#24534275e2a7bc6be7bc86611cc16ae0a5654871"
  integrity sha1-JFNCdeKnvGvnvIZhHMFq4KVlSHE=

whatwg-url@^5.0.0:
  version "5.0.0"
  resolved "https://registry.npmmirror.com/whatwg-url/download/whatwg-url-5.0.0.tgz?cache=0&sync_timestamp=1634673664859&other_urls=https%3A%2F%2Fregistry.npmmirror.com%2Fwhatwg-url%2Fdownload%2Fwhatwg-url-5.0.0.tgz#966454e8765462e37644d3626f6742ce8b70965d"
  integrity sha1-lmRU6HZUYuN2RNNib2dCzotwll0=
  dependencies:
    tr46 "~0.0.3"
    webidl-conversions "^3.0.0"

wrappy@1:
  version "1.0.2"
  resolved "https://registry.npmmirror.com/wrappy/download/wrappy-1.0.2.tgz#b5243d8f3ec1aa35f1364605bc0d1036e30ab69f"
  integrity sha1-tSQ9jz7BqjXxNkYFvA0QNuMKtp8=

yallist@^4.0.0:
  version "4.0.0"
  resolved "https://registry.npmmirror.com/yallist/download/yallist-4.0.0.tgz#9bb92790d9c0effec63be73519e11a35019a3a72"
  integrity sha1-m7knkNnA7/7GO+c1GeEaNQGaOnI=
